mineru_rocm:
  repo: https://github.com/AIwork4me/MinerU-ROCm
  release:
    tag: v0.1.0
    commit: 839776e1774a1d85be8f9314a830e612d44a6926
    tag_object_sha: dd591469d009cac246f5090daa7398623d2fd878
  benchmark_run_commits:
    pipeline: e05eec322dd8bf45447c3dec53349454f0424e61
    vlm_vllm: b75f788419d35a4210c201159a6c67923d60d65c
  eval_date: '2026-07-21'
mineru:
  repo: https://github.com/opendatalab/MinerU
  commit: 0dfc9460cd9ab693b9af60ae3fbffd7bc111b062
  version: 3.4.4
mineru_vl_utils:
  repo: https://github.com/opendatalab/mineru-vl-utils
  commit: cc467faaddb53d8b276cedf88f09302f540a7b83
  version: 1.0.5
model:
  vlm:
    hf_repo: opendatalab/MinerU2.5-Pro-2605-1.2B
    hf_revision: bff20d4ae2bf202df9f45284b4d43681555a97ed
    benchmark_artifact:
      safetensors_sha256: abf8681ca63b8dec7b67de257af47b821f179442f72998d0696ae2ed9232a5f0
      config_sha256: 22097df08750242647a513043636a8dff16820a09757e9271e220bdea378df28
    cross_check_source: local HF cache (/root/.cache/huggingface); hf-mirror for redownload
  pipeline_weights:
    hf_repo: opendatalab/PDF-Extract-Kit-1.0
    hf_revision: ed6b654c018d742e65a17671e379c5e6ecc87ec9
    layout_sha256: e60f3725aeedc88fd319416ef166bda79171a41516a301c27cab9132dc2739d2
    formula_sha256: 9244e2565585c0f89bc3a6eeeea080ef3c588375fc0d536074fe88e80b917cda
    ocr_sha256: 4767ddc90c1532ec01d881a980dae0a0b92679f4f82f88c4e9f92563de69e740
    table_sha256: not_recorded
omnidocbench:
  version: v1.6
  scorer_repo_url: https://github.com/opendatalab/OmniDocBench
  scorer_commit: 2b161d010d2e3aff77a0edef359ea3a6411d23cd
  gt_json_full_sha256: a45cd84b04ad8b793e775089640e6b681209abea33ead54c1828ddca35fae496
  gt_json_canary_sha256: not_recorded
  eval_config_sha256: a65a5b39df0e36a42ee940f9ef78cc71d793e7fb5885bc89004194515f3cc264
  canary_manifest_sha256: not_recorded
  metric:
    overall_formula: ((1 - text_EditDist) * 100 + formula_CDM * 100 + table_TEDS *
      100) / 3
    aggregation: page.ALL
    match_method: quick_match
    note: reading_order EditDist is reported separately and is NOT part of Overall
rocm_recipe:
  gpu_arch: gfx1100
  hsa_override:
    pipeline: none
    vlm_vllm: 11.0.0
  vlm_server:
    source_script: examples/serve_vlm_vllm.sh
    served_model_name: mineru-pro
    dtype: bfloat16
    tensor_parallel_size: 1
    max_model_len: 8192
    gpu_memory_utilization: 0.7
    limit_mm_per_prompt: '{"image": 1}'
    enforce_eager: true
    logits_processors: mineru_vl_utils:MinerULogitsProcessor
    vllm_use_v1: '1'
    port: 8265
  install: 'pip install -U "mineru[all]"         # + ROCm torch wheel; VLM additionally
    needs vLLM-on-ROCm

    '
  cli: 'mineru-rocm predict --backend {pipeline|vlm-vllm} --gt-json <gt> --images-dir
    <imgs> --pred-dir <out> --platform linux-rocm

    mineru-rocm score --gt-json <gt> --pred-dir <out> --label {pipeline|vlm-vllm} --omnidocbench-repo <OmniDocBench> --venv-python <scorer-venv>/bin/python

    '
environment:
  os:
    name: Linux
    kernel: 6.8.0-79-generic
  gpu:
    vendor: AMD
    model: Radeon PRO W7900
    arch: gfx1100
    vram_gb: 48
    host_gpu_count: 4
    gpu_count_per_benchmark: 1
  inference:
    dtype: bfloat16
    tensor_parallel_size: 1
    hip_visible_devices:
      vlm_vllm: '0'
      pipeline: not_recorded
  hsa_override:
    pipeline: null
    vlm_vllm: 11.0.0
  gpu_arch: gfx1100
  rocm_smi_device_id: Card Model 0x744b, SKU D7070910 (AMD Radeon Graphics)
  rocm_hip: '7.2'
  venvs:
    pipeline:
      python: 3.11.15
      torch: 2.14.0.dev20260717+rocm7.2
      mineru: 3.4.4
      mineru_vl_utils: 1.0.5
      vllm: 0.19.1
    vlm_vllm:
      python: 3.12.3
      torch: 2.9.1+gitff65f5b
      vllm: 0.16.1.dev0+g89a77b108.d20260317
      transformers: 4.57.6
      huggingface_hub: 0.36.2
      mineru_vl_utils: 1.0.5
benchmark:
  date: '2026-07-19'
  hardware: AMD gfx1100 (Radeon PRO W7900, 48 GB), ROCm 7.2
  canary_N:
    pipeline_overall: not_recorded
    vlm_vllm_overall: not_recorded
    vlm_transformers_overall: not_recorded
  full_1651:
    pipeline:
      overall: 86.48
      text_edit_dist: 0.0566
      formula_cdm: 0.8307
      table_teds: 0.8204
      reading_order_edit_dist: 0.1534
      empty_pages: 1
      eval_date: '2026-07-21'
    vlm_vllm:
      overall: 95.56
      text_edit_dist: 0.036
      formula_cdm: 0.9673
      table_teds: 0.9354
      reading_order_edit_dist: 0.1236
      empty_pages: 2
      text_edit: 0.0359
      eval_date: '2026-07-21'
    vlm_transformers: not_run
  official_reference:
    source: verified
    source_url: https://github.com/opendatalab/MinerU/blob/master/README.md
    pipeline_overall: 86.47
    vlm_overall: 95.3
    hybrid_engine_high: 95.39
    inference_engine: vlm-engine
    provenance_note: Official anchors are OmniDocBench v1.6 Overall from the upstream
      README 'Local Deployment' table. The prior 'official 95.75' was unverified and
      is withdrawn.
